
Microsoft Visual Studio Solution File, Format Version 12.00
# Visual Studio 2013
VisualStudioVersion = 12.0.30501.0
MinimumVisualStudioVersion = 10.0.40219.1
Project("{2150E333-8FDC-42A3-9474-1A3956D46DE8}") = "Solution Items", "Solution Items", "{37A5A35A-5C84-4021-9EDA-58DAD90B43AF}"
	ProjectSection(SolutionItems) = preProject
		Local.testsettings = Local.testsettings
		MeloManager.vsmdi = MeloManager.vsmdi
		TraceAndTestImpact.testsettings = TraceAndTestImpact.testsettings
	EndProjectSection
EndProject
Project("{2150E333-8FDC-42A3-9474-1A3956D46DE8}") = ".nuget", ".nuget", "{CB87E2CB-E187-4792-A841-3B1A83264838}"
	ProjectSection(SolutionItems) = preProject
		.nuget\NuGet.Config = .nuget\NuGet.Config
		.nuget\NuGet.exe = .nuget\NuGet.exe
		.nuget\NuGet.targets = .nuget\NuGet.targets
	EndProjectSection
EndProject
Project("{FAE04EC0-301F-11D3-BF4B-00C04F79EFBC}") = "Oleg_ivo.MeloManager", "Oleg_ivo.MeloManager\Oleg_ivo.MeloManager.csproj", "{6A996E0A-E930-41F1-B1CC-2E8E0E6E33A5}"
	ProjectSection(ProjectDependencies) = postProject
		{F9B78D31-2294-48B3-8740-5B4F514B3EAF} = {F9B78D31-2294-48B3-8740-5B4F514B3EAF}
	EndProjectSection
EndProject
Project("{FAE04EC0-301F-11D3-BF4B-00C04F79EFBC}") = "Oleg_ivo.MeloManager.MediaObjects.Test", "Oleg_ivo.MelolManager.MediaObjects.Test\Oleg_ivo.MeloManager.MediaObjects.Test.csproj", "{38C1B790-53EA-4BCB-AFF2-D9F9D084500D}"
EndProject
Project("{FAE04EC0-301F-11D3-BF4B-00C04F79EFBC}") = "Oleg_ivo.MeloManager.MediaObjects", "Oleg_ivo.MeloManager.MediaObjects\Oleg_ivo.MeloManager.MediaObjects.csproj", "{988AEBCA-984D-4E0D-A8BA-119DAF572B12}"
EndProject
Project("{FAE04EC0-301F-11D3-BF4B-00C04F79EFBC}") = "Oleg_ivo.Tools", "External\Oleg_ivo.Tools\Oleg_ivo.Tools\Oleg_ivo.Tools.csproj", "{332A1894-922F-49A1-BD6A-E4E981FA2FEC}"
EndProject
Project("{FAE04EC0-301F-11D3-BF4B-00C04F79EFBC}") = "Oleg_ivo.Base", "External\Oleg_ivo.Tools\Oleg_ivo.Base\Oleg_ivo.Base.csproj", "{AC7D7F53-A330-45B0-A6B3-498BE85B9739}"
EndProject
Project("{00D1A9C2-B5F0-4AF3-8072-F6C62B433612}") = "Oleg_ivo.MeloManager.Database", "Oleg_ivo.MeloManager.Database\Oleg_ivo.MeloManager.Database.sqlproj", "{C61D90AE-2808-4ECF-928D-430C9784D996}"
EndProject
Project("{FAE04EC0-301F-11D3-BF4B-00C04F79EFBC}") = "Sharpamp", "External\Sharpamp\Sharpamp.csproj", "{09460E2B-DA70-4667-B592-2C971019E9F2}"
EndProject
Project("{FAE04EC0-301F-11D3-BF4B-00C04F79EFBC}") = "Winamp.Wcf", "Winamp.Wcf\Winamp.Wcf.csproj", "{F9B78D31-2294-48B3-8740-5B4F514B3EAF}"
EndProject
Project("{FAE04EC0-301F-11D3-BF4B-00C04F79EFBC}") = "Winamp.Wcf.Plugin", "Winamp.Wcf.Plugin\Winamp.Wcf.Plugin.csproj", "{0E4C4B91-9E54-47A0-939A-E1B7C44DFE30}"
EndProject
Project("{8BC9CEB8-8B4A-11D0-8D11-00A0C91BC942}") = "gen_Winamp.Wcf.Plugin", "gen_Winamp.Wcf.Plugin\gen_HelloWorldGUI.vcxproj", "{F1C69AEC-4089-4404-B485-86C9B72C138A}"
EndProject
Project("{FAE04EC0-301F-11D3-BF4B-00C04F79EFBC}") = "Winamp.WcfPlugin.SelfHosting", "Winamp.WcfPlugin.SelfHosting\Winamp.WcfPlugin.SelfHosting.csproj", "{EF651E2B-0C76-407B-AE96-3DA0A3F4823E}"
EndProject
Project("{FAE04EC0-301F-11D3-BF4B-00C04F79EFBC}") = "Oleg_ivo.Prism", "External\Oleg_ivo.Tools\Oleg_ivo.Prism\Oleg_ivo.Prism.csproj", "{194522F9-C931-45AB-98B1-BA0CDBD7DEB1}"
EndProject
Global
	GlobalSection(SolutionConfigurationPlatforms) = preSolution
		Debug|Any CPU = Debug|Any CPU
		Debug|Mixed Platforms = Debug|Mixed Platforms
		Debug|Win32 = Debug|Win32
		Debug|x86 = Debug|x86
		Release|Any CPU = Release|Any CPU
		Release|Mixed Platforms = Release|Mixed Platforms
		Release|Win32 = Release|Win32
		Release|x86 = Release|x86
	EndGlobalSection
	GlobalSection(ProjectConfigurationPlatforms) = postSolution
		{6A996E0A-E930-41F1-B1CC-2E8E0E6E33A5}.Debug|Any CPU.ActiveCfg = Debug|x86
		{6A996E0A-E930-41F1-B1CC-2E8E0E6E33A5}.Debug|Mixed Platforms.ActiveCfg = Debug|x86
		{6A996E0A-E930-41F1-B1CC-2E8E0E6E33A5}.Debug|Mixed Platforms.Build.0 = Debug|x86
		{6A996E0A-E930-41F1-B1CC-2E8E0E6E33A5}.Debug|Win32.ActiveCfg = Debug|x86
		{6A996E0A-E930-41F1-B1CC-2E8E0E6E33A5}.Debug|Win32.Build.0 = Debug|x86
		{6A996E0A-E930-41F1-B1CC-2E8E0E6E33A5}.Debug|x86.ActiveCfg = Debug|x86
		{6A996E0A-E930-41F1-B1CC-2E8E0E6E33A5}.Debug|x86.Build.0 = Debug|x86
		{6A996E0A-E930-41F1-B1CC-2E8E0E6E33A5}.Release|Any CPU.ActiveCfg = Release|x86
		{6A996E0A-E930-41F1-B1CC-2E8E0E6E33A5}.Release|Mixed Platforms.ActiveCfg = Release|x86
		{6A996E0A-E930-41F1-B1CC-2E8E0E6E33A5}.Release|Mixed Platforms.Build.0 = Release|x86
		{6A996E0A-E930-41F1-B1CC-2E8E0E6E33A5}.Release|Win32.ActiveCfg = Release|x86
		{6A996E0A-E930-41F1-B1CC-2E8E0E6E33A5}.Release|Win32.Build.0 = Release|x86
		{6A996E0A-E930-41F1-B1CC-2E8E0E6E33A5}.Release|x86.ActiveCfg = Release|x86
		{6A996E0A-E930-41F1-B1CC-2E8E0E6E33A5}.Release|x86.Build.0 = Release|x86
		{38C1B790-53EA-4BCB-AFF2-D9F9D084500D}.Debug|Any CPU.ActiveCfg = Debug|Any CPU
		{38C1B790-53EA-4BCB-AFF2-D9F9D084500D}.Debug|Any CPU.Build.0 = Debug|Any CPU
		{38C1B790-53EA-4BCB-AFF2-D9F9D084500D}.Debug|Mixed Platforms.ActiveCfg = Debug|Any CPU
		{38C1B790-53EA-4BCB-AFF2-D9F9D084500D}.Debug|Mixed Platforms.Build.0 = Debug|Any CPU
		{38C1B790-53EA-4BCB-AFF2-D9F9D084500D}.Debug|Win32.ActiveCfg = Debug|Any CPU
		{38C1B790-53EA-4BCB-AFF2-D9F9D084500D}.Debug|x86.ActiveCfg = Debug|Any CPU
		{38C1B790-53EA-4BCB-AFF2-D9F9D084500D}.Release|Any CPU.ActiveCfg = Release|Any CPU
		{38C1B790-53EA-4BCB-AFF2-D9F9D084500D}.Release|Any CPU.Build.0 = Release|Any CPU
		{38C1B790-53EA-4BCB-AFF2-D9F9D084500D}.Release|Mixed Platforms.ActiveCfg = Release|Any CPU
		{38C1B790-53EA-4BCB-AFF2-D9F9D084500D}.Release|Mixed Platforms.Build.0 = Release|Any CPU
		{38C1B790-53EA-4BCB-AFF2-D9F9D084500D}.Release|Win32.ActiveCfg = Release|Any CPU
		{38C1B790-53EA-4BCB-AFF2-D9F9D084500D}.Release|x86.ActiveCfg = Release|Any CPU
		{988AEBCA-984D-4E0D-A8BA-119DAF572B12}.Debug|Any CPU.ActiveCfg = Debug|Any CPU
		{988AEBCA-984D-4E0D-A8BA-119DAF572B12}.Debug|Any CPU.Build.0 = Debug|Any CPU
		{988AEBCA-984D-4E0D-A8BA-119DAF572B12}.Debug|Mixed Platforms.ActiveCfg = Debug|Any CPU
		{988AEBCA-984D-4E0D-A8BA-119DAF572B12}.Debug|Mixed Platforms.Build.0 = Debug|Any CPU
		{988AEBCA-984D-4E0D-A8BA-119DAF572B12}.Debug|Win32.ActiveCfg = Debug|Any CPU
		{988AEBCA-984D-4E0D-A8BA-119DAF572B12}.Debug|x86.ActiveCfg = Debug|Any CPU
		{988AEBCA-984D-4E0D-A8BA-119DAF572B12}.Release|Any CPU.ActiveCfg = Release|Any CPU
		{988AEBCA-984D-4E0D-A8BA-119DAF572B12}.Release|Any CPU.Build.0 = Release|Any CPU
		{988AEBCA-984D-4E0D-A8BA-119DAF572B12}.Release|Mixed Platforms.ActiveCfg = Release|Any CPU
		{988AEBCA-984D-4E0D-A8BA-119DAF572B12}.Release|Mixed Platforms.Build.0 = Release|Any CPU
		{988AEBCA-984D-4E0D-A8BA-119DAF572B12}.Release|Win32.ActiveCfg = Release|Any CPU
		{988AEBCA-984D-4E0D-A8BA-119DAF572B12}.Release|x86.ActiveCfg = Release|Any CPU
		{332A1894-922F-49A1-BD6A-E4E981FA2FEC}.Debug|Any CPU.ActiveCfg = Debug|Any CPU
		{332A1894-922F-49A1-BD6A-E4E981FA2FEC}.Debug|Any CPU.Build.0 = Debug|Any CPU
		{332A1894-922F-49A1-BD6A-E4E981FA2FEC}.Debug|Mixed Platforms.ActiveCfg = Debug|x86
		{332A1894-922F-49A1-BD6A-E4E981FA2FEC}.Debug|Mixed Platforms.Build.0 = Debug|x86
		{332A1894-922F-49A1-BD6A-E4E981FA2FEC}.Debug|Win32.ActiveCfg = Debug|x86
		{332A1894-922F-49A1-BD6A-E4E981FA2FEC}.Debug|Win32.Build.0 = Debug|x86
		{332A1894-922F-49A1-BD6A-E4E981FA2FEC}.Debug|x86.ActiveCfg = Debug|x86
		{332A1894-922F-49A1-BD6A-E4E981FA2FEC}.Debug|x86.Build.0 = Debug|x86
		{332A1894-922F-49A1-BD6A-E4E981FA2FEC}.Release|Any CPU.ActiveCfg = Release|Any CPU
		{332A1894-922F-49A1-BD6A-E4E981FA2FEC}.Release|Any CPU.Build.0 = Release|Any CPU
		{332A1894-922F-49A1-BD6A-E4E981FA2FEC}.Release|Mixed Platforms.ActiveCfg = Release|x86
		{332A1894-922F-49A1-BD6A-E4E981FA2FEC}.Release|Mixed Platforms.Build.0 = Release|x86
		{332A1894-922F-49A1-BD6A-E4E981FA2FEC}.Release|Win32.ActiveCfg = Release|x86
		{332A1894-922F-49A1-BD6A-E4E981FA2FEC}.Release|Win32.Build.0 = Release|x86
		{332A1894-922F-49A1-BD6A-E4E981FA2FEC}.Release|x86.ActiveCfg = Release|x86
		{332A1894-922F-49A1-BD6A-E4E981FA2FEC}.Release|x86.Build.0 = Release|x86
		{AC7D7F53-A330-45B0-A6B3-498BE85B9739}.Debug|Any CPU.ActiveCfg = Debug|Any CPU
		{AC7D7F53-A330-45B0-A6B3-498BE85B9739}.Debug|Any CPU.Build.0 = Debug|Any CPU
		{AC7D7F53-A330-45B0-A6B3-498BE85B9739}.Debug|Mixed Platforms.ActiveCfg = Debug|x86
		{AC7D7F53-A330-45B0-A6B3-498BE85B9739}.Debug|Mixed Platforms.Build.0 = Debug|x86
		{AC7D7F53-A330-45B0-A6B3-498BE85B9739}.Debug|Win32.ActiveCfg = Debug|x86
		{AC7D7F53-A330-45B0-A6B3-498BE85B9739}.Debug|Win32.Build.0 = Debug|x86
		{AC7D7F53-A330-45B0-A6B3-498BE85B9739}.Debug|x86.ActiveCfg = Debug|x86
		{AC7D7F53-A330-45B0-A6B3-498BE85B9739}.Debug|x86.Build.0 = Debug|x86
		{AC7D7F53-A330-45B0-A6B3-498BE85B9739}.Release|Any CPU.ActiveCfg = Release|Any CPU
		{AC7D7F53-A330-45B0-A6B3-498BE85B9739}.Release|Any CPU.Build.0 = Release|Any CPU
		{AC7D7F53-A330-45B0-A6B3-498BE85B9739}.Release|Mixed Platforms.ActiveCfg = Release|x86
		{AC7D7F53-A330-45B0-A6B3-498BE85B9739}.Release|Mixed Platforms.Build.0 = Release|x86
		{AC7D7F53-A330-45B0-A6B3-498BE85B9739}.Release|Win32.ActiveCfg = Release|x86
		{AC7D7F53-A330-45B0-A6B3-498BE85B9739}.Release|Win32.Build.0 = Release|x86
		{AC7D7F53-A330-45B0-A6B3-498BE85B9739}.Release|x86.ActiveCfg = Release|x86
		{AC7D7F53-A330-45B0-A6B3-498BE85B9739}.Release|x86.Build.0 = Release|x86
		{C61D90AE-2808-4ECF-928D-430C9784D996}.Debug|Any CPU.ActiveCfg = Debug|Any CPU
		{C61D90AE-2808-4ECF-928D-430C9784D996}.Debug|Any CPU.Build.0 = Debug|Any CPU
		{C61D90AE-2808-4ECF-928D-430C9784D996}.Debug|Any CPU.Deploy.0 = Debug|Any CPU
		{C61D90AE-2808-4ECF-928D-430C9784D996}.Debug|Mixed Platforms.ActiveCfg = Debug|Any CPU
		{C61D90AE-2808-4ECF-928D-430C9784D996}.Debug|Mixed Platforms.Build.0 = Debug|Any CPU
		{C61D90AE-2808-4ECF-928D-430C9784D996}.Debug|Mixed Platforms.Deploy.0 = Debug|Any CPU
		{C61D90AE-2808-4ECF-928D-430C9784D996}.Debug|Win32.ActiveCfg = Debug|Any CPU
		{C61D90AE-2808-4ECF-928D-430C9784D996}.Debug|x86.ActiveCfg = Debug|Any CPU
		{C61D90AE-2808-4ECF-928D-430C9784D996}.Release|Any CPU.ActiveCfg = Release|Any CPU
		{C61D90AE-2808-4ECF-928D-430C9784D996}.Release|Any CPU.Build.0 = Release|Any CPU
		{C61D90AE-2808-4ECF-928D-430C9784D996}.Release|Any CPU.Deploy.0 = Release|Any CPU
		{C61D90AE-2808-4ECF-928D-430C9784D996}.Release|Mixed Platforms.ActiveCfg = Release|Any CPU
		{C61D90AE-2808-4ECF-928D-430C9784D996}.Release|Mixed Platforms.Build.0 = Release|Any CPU
		{C61D90AE-2808-4ECF-928D-430C9784D996}.Release|Mixed Platforms.Deploy.0 = Release|Any CPU
		{C61D90AE-2808-4ECF-928D-430C9784D996}.Release|Win32.ActiveCfg = Release|Any CPU
		{C61D90AE-2808-4ECF-928D-430C9784D996}.Release|x86.ActiveCfg = Release|Any CPU
		{09460E2B-DA70-4667-B592-2C971019E9F2}.Debug|Any CPU.ActiveCfg = Debug|Any CPU
		{09460E2B-DA70-4667-B592-2C971019E9F2}.Debug|Any CPU.Build.0 = Debug|Any CPU
		{09460E2B-DA70-4667-B592-2C971019E9F2}.Debug|Mixed Platforms.ActiveCfg = Debug|Any CPU
		{09460E2B-DA70-4667-B592-2C971019E9F2}.Debug|Mixed Platforms.Build.0 = Debug|Any CPU
		{09460E2B-DA70-4667-B592-2C971019E9F2}.Debug|Win32.ActiveCfg = Debug|Any CPU
		{09460E2B-DA70-4667-B592-2C971019E9F2}.Debug|x86.ActiveCfg = Debug|Any CPU
		{09460E2B-DA70-4667-B592-2C971019E9F2}.Release|Any CPU.ActiveCfg = Release|Any CPU
		{09460E2B-DA70-4667-B592-2C971019E9F2}.Release|Any CPU.Build.0 = Release|Any CPU
		{09460E2B-DA70-4667-B592-2C971019E9F2}.Release|Mixed Platforms.ActiveCfg = Release|Any CPU
		{09460E2B-DA70-4667-B592-2C971019E9F2}.Release|Mixed Platforms.Build.0 = Release|Any CPU
		{09460E2B-DA70-4667-B592-2C971019E9F2}.Release|Win32.ActiveCfg = Release|Any CPU
		{09460E2B-DA70-4667-B592-2C971019E9F2}.Release|x86.ActiveCfg = Release|Any CPU
		{F9B78D31-2294-48B3-8740-5B4F514B3EAF}.Debug|Any CPU.ActiveCfg = Debug|Any CPU
		{F9B78D31-2294-48B3-8740-5B4F514B3EAF}.Debug|Any CPU.Build.0 = Debug|Any CPU
		{F9B78D31-2294-48B3-8740-5B4F514B3EAF}.Debug|Mixed Platforms.ActiveCfg = Debug|Any CPU
		{F9B78D31-2294-48B3-8740-5B4F514B3EAF}.Debug|Mixed Platforms.Build.0 = Debug|Any CPU
		{F9B78D31-2294-48B3-8740-5B4F514B3EAF}.Debug|Win32.ActiveCfg = Debug|Any CPU
		{F9B78D31-2294-48B3-8740-5B4F514B3EAF}.Debug|x86.ActiveCfg = Debug|Any CPU
		{F9B78D31-2294-48B3-8740-5B4F514B3EAF}.Release|Any CPU.ActiveCfg = Release|Any CPU
		{F9B78D31-2294-48B3-8740-5B4F514B3EAF}.Release|Any CPU.Build.0 = Release|Any CPU
		{F9B78D31-2294-48B3-8740-5B4F514B3EAF}.Release|Mixed Platforms.ActiveCfg = Release|Any CPU
		{F9B78D31-2294-48B3-8740-5B4F514B3EAF}.Release|Mixed Platforms.Build.0 = Release|Any CPU
		{F9B78D31-2294-48B3-8740-5B4F514B3EAF}.Release|Win32.ActiveCfg = Release|Any CPU
		{F9B78D31-2294-48B3-8740-5B4F514B3EAF}.Release|x86.ActiveCfg = Release|Any CPU
		{0E4C4B91-9E54-47A0-939A-E1B7C44DFE30}.Debug|Any CPU.ActiveCfg = Debug|Any CPU
		{0E4C4B91-9E54-47A0-939A-E1B7C44DFE30}.Debug|Any CPU.Build.0 = Debug|Any CPU
		{0E4C4B91-9E54-47A0-939A-E1B7C44DFE30}.Debug|Mixed Platforms.ActiveCfg = Debug|Any CPU
		{0E4C4B91-9E54-47A0-939A-E1B7C44DFE30}.Debug|Win32.ActiveCfg = Debug|Any CPU
		{0E4C4B91-9E54-47A0-939A-E1B7C44DFE30}.Debug|x86.ActiveCfg = Debug|Any CPU
		{0E4C4B91-9E54-47A0-939A-E1B7C44DFE30}.Release|Any CPU.ActiveCfg = Release|Any CPU
		{0E4C4B91-9E54-47A0-939A-E1B7C44DFE30}.Release|Any CPU.Build.0 = Release|Any CPU
		{0E4C4B91-9E54-47A0-939A-E1B7C44DFE30}.Release|Mixed Platforms.ActiveCfg = Release|Any CPU
		{0E4C4B91-9E54-47A0-939A-E1B7C44DFE30}.Release|Mixed Platforms.Build.0 = Release|Any CPU
		{0E4C4B91-9E54-47A0-939A-E1B7C44DFE30}.Release|Win32.ActiveCfg = Release|Any CPU
		{0E4C4B91-9E54-47A0-939A-E1B7C44DFE30}.Release|x86.ActiveCfg = Release|Any CPU
		{F1C69AEC-4089-4404-B485-86C9B72C138A}.Debug|Any CPU.ActiveCfg = Debug|Win32
		{F1C69AEC-4089-4404-B485-86C9B72C138A}.Debug|Mixed Platforms.ActiveCfg = Debug|Win32
		{F1C69AEC-4089-4404-B485-86C9B72C138A}.Debug|Win32.ActiveCfg = Debug|Win32
		{F1C69AEC-4089-4404-B485-86C9B72C138A}.Debug|Win32.Build.0 = Debug|Win32
		{F1C69AEC-4089-4404-B485-86C9B72C138A}.Debug|x86.ActiveCfg = Debug|Win32
		{F1C69AEC-4089-4404-B485-86C9B72C138A}.Debug|x86.Build.0 = Debug|Win32
		{F1C69AEC-4089-4404-B485-86C9B72C138A}.Release|Any CPU.ActiveCfg = Release|Win32
		{F1C69AEC-4089-4404-B485-86C9B72C138A}.Release|Mixed Platforms.ActiveCfg = Release|Win32
		{F1C69AEC-4089-4404-B485-86C9B72C138A}.Release|Mixed Platforms.Build.0 = Release|Win32
		{F1C69AEC-4089-4404-B485-86C9B72C138A}.Release|Win32.ActiveCfg = Release|Win32
		{F1C69AEC-4089-4404-B485-86C9B72C138A}.Release|Win32.Build.0 = Release|Win32
		{F1C69AEC-4089-4404-B485-86C9B72C138A}.Release|x86.ActiveCfg = Release|Win32
		{F1C69AEC-4089-4404-B485-86C9B72C138A}.Release|x86.Build.0 = Release|Win32
		{EF651E2B-0C76-407B-AE96-3DA0A3F4823E}.Debug|Any CPU.ActiveCfg = Debug|Any CPU
		{EF651E2B-0C76-407B-AE96-3DA0A3F4823E}.Debug|Any CPU.Build.0 = Debug|Any CPU
		{EF651E2B-0C76-407B-AE96-3DA0A3F4823E}.Debug|Mixed Platforms.ActiveCfg = Debug|Any CPU
		{EF651E2B-0C76-407B-AE96-3DA0A3F4823E}.Debug|Win32.ActiveCfg = Debug|Any CPU
		{EF651E2B-0C76-407B-AE96-3DA0A3F4823E}.Debug|x86.ActiveCfg = Debug|Any CPU
		{EF651E2B-0C76-407B-AE96-3DA0A3F4823E}.Release|Any CPU.ActiveCfg = Release|Any CPU
		{EF651E2B-0C76-407B-AE96-3DA0A3F4823E}.Release|Any CPU.Build.0 = Release|Any CPU
		{EF651E2B-0C76-407B-AE96-3DA0A3F4823E}.Release|Mixed Platforms.ActiveCfg = Release|Any CPU
		{EF651E2B-0C76-407B-AE96-3DA0A3F4823E}.Release|Mixed Platforms.Build.0 = Release|Any CPU
		{EF651E2B-0C76-407B-AE96-3DA0A3F4823E}.Release|Win32.ActiveCfg = Release|Any CPU
		{EF651E2B-0C76-407B-AE96-3DA0A3F4823E}.Release|x86.ActiveCfg = Release|Any CPU
		{194522F9-C931-45AB-98B1-BA0CDBD7DEB1}.Debug|Any CPU.ActiveCfg = Debug|Any CPU
		{194522F9-C931-45AB-98B1-BA0CDBD7DEB1}.Debug|Any CPU.Build.0 = Debug|Any CPU
		{194522F9-C931-45AB-98B1-BA0CDBD7DEB1}.Debug|Mixed Platforms.ActiveCfg = Debug|Any CPU
		{194522F9-C931-45AB-98B1-BA0CDBD7DEB1}.Debug|Mixed Platforms.Build.0 = Debug|Any CPU
		{194522F9-C931-45AB-98B1-BA0CDBD7DEB1}.Debug|Win32.ActiveCfg = Debug|Any CPU
		{194522F9-C931-45AB-98B1-BA0CDBD7DEB1}.Debug|x86.ActiveCfg = Debug|Any CPU
		{194522F9-C931-45AB-98B1-BA0CDBD7DEB1}.Release|Any CPU.ActiveCfg = Release|Any CPU
		{194522F9-C931-45AB-98B1-BA0CDBD7DEB1}.Release|Any CPU.Build.0 = Release|Any CPU
		{194522F9-C931-45AB-98B1-BA0CDBD7DEB1}.Release|Mixed Platforms.ActiveCfg = Release|Any CPU
		{194522F9-C931-45AB-98B1-BA0CDBD7DEB1}.Release|Mixed Platforms.Build.0 = Release|Any CPU
		{194522F9-C931-45AB-98B1-BA0CDBD7DEB1}.Release|Win32.ActiveCfg = Release|Any CPU
		{194522F9-C931-45AB-98B1-BA0CDBD7DEB1}.Release|x86.ActiveCfg = Release|Any CPU
	EndGlobalSection
	GlobalSection(SolutionProperties) = preSolution
		HideSolutionNode = FALSE
	EndGlobalSection
	GlobalSection(ExtensibilityGlobals) = postSolution
		VisualSVNWorkingCopyRoot = .
	EndGlobalSection
	GlobalSection(TestCaseManagementSettings) = postSolution
		CategoryFile = MeloManager.vsmdi
	EndGlobalSection
EndGlobal
